
Microsoft Visual Studio Solution File, Format Version 12.00
# Visual Studio Version 16
VisualStudioVersion = 16.0.29025.244
MinimumVisualStudioVersion = 10.0.40219.1
Project("{9A19103F-16F7-4668-BE54-9A1E7A4F7556}") = "aspnetapp", "aspnetapp\aspnetapp.csproj", "{BA669B21-4FFE-4A3C-A75A-8F5ECC9E00B3}"
EndProject
Project("{FAE04EC0-301F-11D3-BF4B-00C04F79EFBC}") = "aspnetapp-testing", "aspnetapp-testing\aspnetapp-testing.csproj", "{D27D8E5B-A7BF-43A9-B7FA-322FC20EA30A}"
EndProject
Global
	GlobalSection(SolutionConfigurationPlatforms) = preSolution
		Debug|Any CPU = Debug|Any CPU
		Release|Any CPU = Release|Any CPU
	EndGlobalSection
	GlobalSection(ProjectConfigurationPlatforms) = postSolution
		{BA669B21-4FFE-4A3C-A75A-8F5ECC9E00B3}.Debug|Any CPU.ActiveCfg = Debug|Any CPU
		{BA669B21-4FFE-4A3C-A75A-8F5ECC9E00B3}.Debug|Any CPU.Build.0 = Debug|Any CPU
		{BA669B21-4FFE-4A3C-A75A-8F5ECC9E00B3}.Release|Any CPU.ActiveCfg = Release|Any CPU
		{BA669B21-4FFE-4A3C-A75A-8F5ECC9E00B3}.Release|Any CPU.Build.0 = Release|Any CPU
		{D27D8E5B-A7BF-43A9-B7FA-322FC20EA30A}.Debug|Any CPU.ActiveCfg = Debug|Any CPU
		{D27D8E5B-A7BF-43A9-B7FA-322FC20EA30A}.Debug|Any CPU.Build.0 = Debug|Any CPU
		{D27D8E5B-A7BF-43A9-B7FA-322FC20EA30A}.Release|Any CPU.ActiveCfg = Release|Any CPU
		{D27D8E5B-A7BF-43A9-B7FA-322FC20EA30A}.Release|Any CPU.Build.0 = Release|Any CPU
	EndGlobalSection
	GlobalSection(SolutionProperties) = preSolution
		HideSolutionNode = FALSE
	EndGlobalSection
	GlobalSection(ExtensibilityGlobals) = postSolution
		SolutionGuid = {F28AF4D3-F3F3-4F0F-A288-035A602DE84A}
	EndGlobalSection
EndGlobal
